
Microsoft Visual Studio Solution File, Format Version 12.00
# Visual Studio 2013
VisualStudioVersion = 12.0.21005.1
MinimumVisualStudioVersion = 10.0.40219.1
Project("{FAE04EC0-301F-11D3-BF4B-00C04F79EFBC}") = "AdministracionChecadas", "AdministracionChecadas\AdministracionChecadas.csproj", "{ABF06732-2468-4406-B596-5850807336EA}"
EndProject
Project("{FAE04EC0-301F-11D3-BF4B-00C04F79EFBC}") = "MakarovDev.ExpandCollapsePanel", "MakarovDev.ExpandCollapsePanel\MakarovDev.ExpandCollapsePanel.csproj", "{BE76A6FE-225F-4287-9CA0-231F5AF4CDC1}"
EndProject
Project("{54435603-DBB4-11D2-8724-00A0C9A8B90C}") = "AdmonChecadas", "AdmonChecadas\AdmonChecadas.vdproj", "{725F7EC9-43CD-4346-AA04-98F1138D6916}"
EndProject
Global
	GlobalSection(SolutionConfigurationPlatforms) = preSolution
		Debug|Any CPU = Debug|Any CPU
		Release|Any CPU = Release|Any CPU
	EndGlobalSection
	GlobalSection(ProjectConfigurationPlatforms) = postSolution
		{ABF06732-2468-4406-B596-5850807336EA}.Debug|Any CPU.ActiveCfg = Debug|Any CPU
		{ABF06732-2468-4406-B596-5850807336EA}.Debug|Any CPU.Build.0 = Debug|Any CPU
		{ABF06732-2468-4406-B596-5850807336EA}.Release|Any CPU.ActiveCfg = Release|Any CPU
		{ABF06732-2468-4406-B596-5850807336EA}.Release|Any CPU.Build.0 = Release|Any CPU
		{BE76A6FE-225F-4287-9CA0-231F5AF4CDC1}.Debug|Any CPU.ActiveCfg = Debug|Any CPU
		{BE76A6FE-225F-4287-9CA0-231F5AF4CDC1}.Debug|Any CPU.Build.0 = Debug|Any CPU
		{BE76A6FE-225F-4287-9CA0-231F5AF4CDC1}.Release|Any CPU.ActiveCfg = Release|Any CPU
		{BE76A6FE-225F-4287-9CA0-231F5AF4CDC1}.Release|Any CPU.Build.0 = Release|Any CPU
		{725F7EC9-43CD-4346-AA04-98F1138D6916}.Debug|Any CPU.ActiveCfg = Debug
		{725F7EC9-43CD-4346-AA04-98F1138D6916}.Release|Any CPU.ActiveCfg = Release
	EndGlobalSection
	GlobalSection(SolutionProperties) = preSolution
		HideSolutionNode = FALSE
	EndGlobalSection
EndGlobal
